
Microsoft Visual Studio Solution File, Format Version 12.00
# Visual Studio Version 17
VisualStudioVersion = 17.3.32922.545
MinimumVisualStudioVersion = 10.0.40219.1
Project("{FAE04EC0-301F-11D3-BF4B-00C04F79EFBC}") = "Casgem_Observer", "Casgem_Observer\Casgem_Observer.csproj", "{A9A8E267-0249-4B28-BD52-BC5CBFCCB527}"
EndProject
Global
	GlobalSection(SolutionConfigurationPlatforms) = preSolution
		Debug|Any CPU = Debug|Any CPU
		Release|Any CPU = Release|Any CPU
	EndGlobalSection
	GlobalSection(ProjectConfigurationPlatforms) = postSolution
		{A9A8E267-0249-4B28-BD52-BC5CBFCCB527}.Debug|Any CPU.ActiveCfg = Debug|Any CPU
		{A9A8E267-0249-4B28-BD52-BC5CBFCCB527}.Debug|Any CPU.Build.0 = Debug|Any CPU
		{A9A8E267-0249-4B28-BD52-BC5CBFCCB527}.Release|Any CPU.ActiveCfg = Release|Any CPU
		{A9A8E267-0249-4B28-BD52-BC5CBFCCB527}.Release|Any CPU.Build.0 = Release|Any CPU
	EndGlobalSection
	GlobalSection(SolutionProperties) = preSolution
		HideSolutionNode = FALSE
	EndGlobalSection
	GlobalSection(ExtensibilityGlobals) = postSolution
		SolutionGuid = {5D84ED07-9651-4B33-B753-5AFF7A57A636}
	EndGlobalSection
EndGlobal
